
Microsoft Visual Studio Solution File, Format Version 12.00
# Visual Studio Version 17
VisualStudioVersion = 17.14.36414.22 d17.14
MinimumVisualStudioVersion = 10.0.40219.1
Project("{FAE04EC0-301F-11D3-BF4B-00C04F79EFBC}") = "ShoppingApp", "ShoppingApp.csproj", "{C993213D-A14E-4634-81BB-5B76426EE98E}"
EndProject
Global
	GlobalSection(SolutionConfigurationPlatforms) = preSolution
		Debug|Any CPU = Debug|Any CPU
		Release|Any CPU = Release|Any CPU
	EndGlobalSection
	GlobalSection(ProjectConfigurationPlatforms) = postSolution
		{C993213D-A14E-4634-81BB-5B76426EE98E}.Debug|Any CPU.ActiveCfg = Debug|Any CPU
		{C993213D-A14E-4634-81BB-5B76426EE98E}.Debug|Any CPU.Build.0 = Debug|Any CPU
		{C993213D-A14E-4634-81BB-5B76426EE98E}.Release|Any CPU.ActiveCfg = Release|Any CPU
		{C993213D-A14E-4634-81BB-5B76426EE98E}.Release|Any CPU.Build.0 = Release|Any CPU
	EndGlobalSection
	GlobalSection(SolutionProperties) = preSolution
		HideSolutionNode = FALSE
	EndGlobalSection
	GlobalSection(ExtensibilityGlobals) = postSolution
		SolutionGuid = {AC1D20E9-78BD-4BBB-B310-DC5F857B21B4}
	EndGlobalSection
EndGlobal
